
Microsoft Visual Studio Solution File, Format Version 12.00
# Visual Studio Version 17
VisualStudioVersion = 17.9.34622.214
MinimumVisualStudioVersion = 10.0.40219.1
Project("{9A19103F-16F7-4668-BE54-9A1E7A4F7556}") = "hotel", "проба\hotel.csproj", "{5E1B201A-6FB5-4C17-ACB0-87BFFAE4FA94}"
EndProject
Project("{FAE04EC0-301F-11D3-BF4B-00C04F79EFBC}") = "test", "test\test.csproj", "{D6F34291-FEDE-4471-BA88-8D60C0EEDAF3}"
EndProject
Global
	GlobalSection(SolutionConfigurationPlatforms) = preSolution
		Debug|Any CPU = Debug|Any CPU
		Release|Any CPU = Release|Any CPU
	EndGlobalSection
	GlobalSection(ProjectConfigurationPlatforms) = postSolution
		{5E1B201A-6FB5-4C17-ACB0-87BFFAE4FA94}.Debug|Any CPU.ActiveCfg = Debug|Any CPU
		{5E1B201A-6FB5-4C17-ACB0-87BFFAE4FA94}.Debug|Any CPU.Build.0 = Debug|Any CPU
		{5E1B201A-6FB5-4C17-ACB0-87BFFAE4FA94}.Release|Any CPU.ActiveCfg = Release|Any CPU
		{5E1B201A-6FB5-4C17-ACB0-87BFFAE4FA94}.Release|Any CPU.Build.0 = Release|Any CPU
		{D6F34291-FEDE-4471-BA88-8D60C0EEDAF3}.Debug|Any CPU.ActiveCfg = Debug|Any CPU
		{D6F34291-FEDE-4471-BA88-8D60C0EEDAF3}.Debug|Any CPU.Build.0 = Debug|Any CPU
		{D6F34291-FEDE-4471-BA88-8D60C0EEDAF3}.Release|Any CPU.ActiveCfg = Release|Any CPU
		{D6F34291-FEDE-4471-BA88-8D60C0EEDAF3}.Release|Any CPU.Build.0 = Release|Any CPU
	EndGlobalSection
	GlobalSection(SolutionProperties) = preSolution
		HideSolutionNode = FALSE
	EndGlobalSection
	GlobalSection(ExtensibilityGlobals) = postSolution
		SolutionGuid = {D5EF407F-3782-4313-85CF-E6625B11AF82}
	EndGlobalSection
EndGlobal
